
Microsoft Visual Studio Solution File, Format Version 9.00
# Visual Studio 2005
Project("{FAE04EC0-301F-11D3-BF4B-00C04F79EFBC}") = "PhotoSprite", "PhotoSprite.csproj", "{D668DE93-46A9-44DF-AC11-5657B8AB04F5}"
EndProject
Global
	GlobalSection(SolutionConfigurationPlatforms) = preSolution
		Debug|Any CPU = Debug|Any CPU
		Release|Any CPU = Release|Any CPU
	EndGlobalSection
	GlobalSection(ProjectConfigurationPlatforms) = postSolution
		{D668DE93-46A9-44DF-AC11-5657B8AB04F5}.Debug|Any CPU.ActiveCfg = Debug|Any CPU
		{D668DE93-46A9-44DF-AC11-5657B8AB04F5}.Debug|Any CPU.Build.0 = Debug|Any CPU
		{D668DE93-46A9-44DF-AC11-5657B8AB04F5}.Release|Any CPU.ActiveCfg = Release|Any CPU
		{D668DE93-46A9-44DF-AC11-5657B8AB04F5}.Release|Any CPU.Build.0 = Release|Any CPU
	EndGlobalSection
	GlobalSection(SolutionProperties) = preSolution
		HideSolutionNode = FALSE
	EndGlobalSection
EndGlobal
